// !$*UTF8*$!
{
	archiveVersion = 1;
	classes = {
	};
	objectVersion = 55;
	objects = {

/* Begin PBXBuildFile section */
		744714AA2734928F00FA3052 /* AppDelegate.swift in Sources */ = {isa = PBXBuildFile; fileRef = 744714A92734928E00FA3052 /* AppDelegate.swift */; };
		744714AC2734928F00FA3052 /* SceneDelegate.swift in Sources */ = {isa = PBXBuildFile; fileRef = 744714AB2734928F00FA3052 /* SceneDelegate.swift */; };
		744714AE2734928F00FA3052 /* CryptoListTableViewController.swift in Sources */ = {isa = PBXBuildFile; fileRef = 744714AD2734928F00FA3052 /* CryptoListTableViewController.swift */; };
		744714B32734929000FA3052 /* Assets.xcassets in Resources */ = {isa = PBXBuildFile; fileRef = 744714B22734929000FA3052 /* Assets.xcassets */; };
		744714B62734929000FA3052 /* LaunchScreen.storyboard in Resources */ = {isa = PBXBuildFile; fileRef = 744714B42734929000FA3052 /* LaunchScreen.storyboard */; };
		744714C12734929000FA3052 /* CryptoTrackerTests.swift in Sources */ = {isa = PBXBuildFile; fileRef = 744714C02734929000FA3052 /* CryptoTrackerTests.swift */; };
		744714CB2734929000FA3052 /* CryptoTrackerUITests.swift in Sources */ = {isa = PBXBuildFile; fileRef = 744714CA2734929000FA3052 /* CryptoTrackerUITests.swift */; };
		744714CD2734929000FA3052 /* CryptoTrackerUITestsLaunchTests.swift in Sources */ = {isa = PBXBuildFile; fileRef = 744714CC2734929000FA3052 /* CryptoTrackerUITestsLaunchTests.swift */; };
		744714E7273497F500FA3052 /* CryptoTableViewCell.swift in Sources */ = {isa = PBXBuildFile; fileRef = 744714E6273497F500FA3052 /* CryptoTableViewCell.swift */; };
		744714E927349F5600FA3052 /* CryptoCellModel.swift in Sources */ = {isa = PBXBuildFile; fileRef = 744714E827349F5600FA3052 /* CryptoCellModel.swift */; };
		744714EB2734A15000FA3052 /* Formatter+Currency.swift in Sources */ = {isa = PBXBuildFile; fileRef = 744714EA2734A15000FA3052 /* Formatter+Currency.swift */; };
		744714EE2734A78500FA3052 /* Constants.swift in Sources */ = {isa = PBXBuildFile; fileRef = 744714ED2734A78500FA3052 /* Constants.swift */; };
		744714F12734A80E00FA3052 /* NetworkService.swift in Sources */ = {isa = PBXBuildFile; fileRef = 744714F02734A80E00FA3052 /* NetworkService.swift */; };
		744714F32734A93500FA3052 /* Models.swift in Sources */ = {isa = PBXBuildFile; fileRef = 744714F22734A93500FA3052 /* Models.swift */; };
		74B7C50927372A2200B84626 /* CryptoListViewModel.swift in Sources */ = {isa = PBXBuildFile; fileRef = 74B7C50827372A2200B84626 /* CryptoListViewModel.swift */; };
		74B7C50C273731F100B84626 /* ViewCodeProtocol.swift in Sources */ = {isa = PBXBuildFile; fileRef = 74B7C50B273731F100B84626 /* ViewCodeProtocol.swift */; };
		74B7C50E2737321200B84626 /* UIView+Extensions.swift in Sources */ = {isa = PBXBuildFile; fileRef = 74B7C50D2737321200B84626 /* UIView+Extensions.swift */; };
/* End PBXBuildFile section */

/* Begin PBXContainerItemProxy section */
		744714BD2734929000FA3052 /* PBXContainerItemProxy */ = {
			isa = PBXContainerItemProxy;
			containerPortal = 7447149E2734928E00FA3052 /* Project object */;
			proxyType = 1;
			remoteGlobalIDString = 744714A52734928E00FA3052;
			remoteInfo = CryptoTracker;
		};
		744714C72734929000FA3052 /* PBXContainerItemProxy */ = {
			isa = PBXContainerItemProxy;
			containerPortal = 7447149E2734928E00FA3052 /* Project object */;
			proxyType = 1;
			remoteGlobalIDString = 744714A52734928E00FA3052;
			remoteInfo = CryptoTracker;
		};
/* End PBXContainerItemProxy section */

/* Begin PBXFileReference section */
		744714A62734928E00FA3052 /* CryptoTracker.app */ = {isa = PBXFileReference; explicitFileType = wrapper.application; includeInIndex = 0; path = CryptoTracker.app; sourceTree = BUILT_PRODUCTS_DIR; };
		744714A92734928E00FA3052 /* AppDelegate.swift */ = {isa = PBXFileReference; lastKnownFileType = sourcecode.swift; path = AppDelegate.swift; sourceTree = "<group>"; };
		744714AB2734928F00FA3052 /* SceneDelegate.swift */ = {isa = PBXFileReference; lastKnownFileType = sourcecode.swift; path = SceneDelegate.swift; sourceTree = "<group>"; };
		744714AD2734928F00FA3052 /* CryptoListTableViewController.swift */ = {isa = PBXFileReference; lastKnownFileType = sourcecode.swift; path = CryptoListTableViewController.swift; sourceTree = "<group>"; };
		744714B22734929000FA3052 /* Assets.xcassets */ = {isa = PBXFileReference; lastKnownFileType = folder.assetcatalog; path = Assets.xcassets; sourceTree = "<group>"; };
		744714B52734929000FA3052 /* Base */ = {isa = PBXFileReference; lastKnownFileType = file.storyboard; name = Base; path = Base.lproj/LaunchScreen.storyboard; sourceTree = "<group>"; };
		744714B72734929000FA3052 /* Info.plist */ = {isa = PBXFileReference; lastKnownFileType = text.plist.xml; path = Info.plist; sourceTree = "<group>"; };
		744714BC2734929000FA3052 /* CryptoTrackerTests.xctest */ = {isa = PBXFileReference; explicitFileType = wrapper.cfbundle; includeInIndex = 0; path = CryptoTrackerTests.xctest; sourceTree = BUILT_PRODUCTS_DIR; };
		744714C02734929000FA3052 /* CryptoTrackerTests.swift */ = {isa = PBXFileReference; lastKnownFileType = sourcecode.swift; path = CryptoTrackerTests.swift; sourceTree = "<group>"; };
		744714C62734929000FA3052 /* CryptoTrackerUITests.xctest */ = {isa = PBXFileReference; explicitFileType = wrapper.cfbundle; includeInIndex = 0; path = CryptoTrackerUITests.xctest; sourceTree = BUILT_PRODUCTS_DIR; };
		744714CA2734929000FA3052 /* CryptoTrackerUITests.swift */ = {isa = PBXFileReference; lastKnownFileType = sourcecode.swift; path = CryptoTrackerUITests.swift; sourceTree = "<group>"; };
		744714CC2734929000FA3052 /* CryptoTrackerUITestsLaunchTests.swift */ = {isa = PBXFileReference; lastKnownFileType = sourcecode.swift; path = CryptoTrackerUITestsLaunchTests.swift; sourceTree = "<group>"; };
		744714E6273497F500FA3052 /* CryptoTableViewCell.swift */ = {isa = PBXFileReference; lastKnownFileType = sourcecode.swift; path = CryptoTableViewCell.swift; sourceTree = "<group>"; };
		744714E827349F5600FA3052 /* CryptoCellModel.swift */ = {isa = PBXFileReference; lastKnownFileType = sourcecode.swift; path = CryptoCellModel.swift; sourceTree = "<group>"; };
		744714EA2734A15000FA3052 /* Formatter+Currency.swift */ = {isa = PBXFileReference; lastKnownFileType = sourcecode.swift; name = "Formatter+Currency.swift"; path = "CryptoTracker/Utils/Formatter+Currency.swift"; sourceTree = SOURCE_ROOT; };
		744714ED2734A78500FA3052 /* Constants.swift */ = {isa = PBXFileReference; lastKnownFileType = sourcecode.swift; path = Constants.swift; sourceTree = "<group>"; };
		744714F02734A80E00FA3052 /* NetworkService.swift */ = {isa = PBXFileReference; lastKnownFileType = sourcecode.swift; path = NetworkService.swift; sourceTree = "<group>"; };
		744714F22734A93500FA3052 /* Models.swift */ = {isa = PBXFileReference; lastKnownFileType = sourcecode.swift; path = Models.swift; sourceTree = "<group>"; };
		74B7C50827372A2200B84626 /* CryptoListViewModel.swift */ = {isa = PBXFileReference; lastKnownFileType = sourcecode.swift; path = CryptoListViewModel.swift; sourceTree = "<group>"; };
		74B7C50B273731F100B84626 /* ViewCodeProtocol.swift */ = {isa = PBXFileReference; lastKnownFileType = sourcecode.swift; path = ViewCodeProtocol.swift; sourceTree = "<group>"; };
		74B7C50D2737321200B84626 /* UIView+Extensions.swift */ = {isa = PBXFileReference; lastKnownFileType = sourcecode.swift; path = "UIView+Extensions.swift"; sourceTree = "<group>"; };
/* End PBXFileReference section */

/* Begin PBXFrameworksBuildPhase section */
		744714A32734928E00FA3052 /* Frameworks */ = {
			isa = PBXFrameworksBuildPhase;
			buildActionMask = 2147483647;
			files = (
			);
			runOnlyForDeploymentPostprocessing = 0;
		};
		744714B92734929000FA3052 /* Frameworks */ = {
			isa = PBXFrameworksBuildPhase;
			buildActionMask = 2147483647;
			files = (
			);
			runOnlyForDeploymentPostprocessing = 0;
		};
		744714C32734929000FA3052 /* Frameworks */ = {
			isa = PBXFrameworksBuildPhase;
			buildActionMask = 2147483647;
			files = (
			);
			runOnlyForDeploymentPostprocessing = 0;
		};
/* End PBXFrameworksBuildPhase section */

/* Begin PBXGroup section */
		7447149D2734928E00FA3052 = {
			isa = PBXGroup;
			children = (
				744714A82734928E00FA3052 /* CryptoTracker */,
				744714BF2734929000FA3052 /* CryptoTrackerTests */,
				744714C92734929000FA3052 /* CryptoTrackerUITests */,
				744714A72734928E00FA3052 /* Products */,
			);
			sourceTree = "<group>";
		};
		744714A72734928E00FA3052 /* Products */ = {
			isa = PBXGroup;
			children = (
				744714A62734928E00FA3052 /* CryptoTracker.app */,
				744714BC2734929000FA3052 /* CryptoTrackerTests.xctest */,
				744714C62734929000FA3052 /* CryptoTrackerUITests.xctest */,
			);
			name = Products;
			sourceTree = "<group>";
		};
		744714A82734928E00FA3052 /* CryptoTracker */ = {
			isa = PBXGroup;
			children = (
				74B7C50A273731D600B84626 /* Utils */,
				744714EF2734A7FC00FA3052 /* Network */,
				744714EC2734A77000FA3052 /* Constants */,
				744714E5273497CA00FA3052 /* Scene */,
				744714E42734949300FA3052 /* SupportFiles */,
				744714B72734929000FA3052 /* Info.plist */,
			);
			path = CryptoTracker;
			sourceTree = "<group>";
		};
		744714BF2734929000FA3052 /* CryptoTrackerTests */ = {
			isa = PBXGroup;
			children = (
				744714C02734929000FA3052 /* CryptoTrackerTests.swift */,
			);
			path = CryptoTrackerTests;
			sourceTree = "<group>";
		};
		744714C92734929000FA3052 /* CryptoTrackerUITests */ = {
			isa = PBXGroup;
			children = (
				744714CA2734929000FA3052 /* CryptoTrackerUITests.swift */,
				744714CC2734929000FA3052 /* CryptoTrackerUITestsLaunchTests.swift */,
			);
			path = CryptoTrackerUITests;
			sourceTree = "<group>";
		};
		744714E42734949300FA3052 /* SupportFiles */ = {
			isa = PBXGroup;
			children = (
				744714B22734929000FA3052 /* Assets.xcassets */,
				744714B42734929000FA3052 /* LaunchScreen.storyboard */,
				744714A92734928E00FA3052 /* AppDelegate.swift */,
				744714AB2734928F00FA3052 /* SceneDelegate.swift */,
			);
			path = SupportFiles;
			sourceTree = "<group>";
		};
		744714E5273497CA00FA3052 /* Scene */ = {
			isa = PBXGroup;
			children = (
				744714E827349F5600FA3052 /* CryptoCellModel.swift */,
				744714AD2734928F00FA3052 /* CryptoListTableViewController.swift */,
				74B7C50827372A2200B84626 /* CryptoListViewModel.swift */,
				744714E6273497F500FA3052 /* CryptoTableViewCell.swift */,
				744714F22734A93500FA3052 /* Models.swift */,
			);
			path = Scene;
			sourceTree = "<group>";
		};
		744714EC2734A77000FA3052 /* Constants */ = {
			isa = PBXGroup;
			children = (
				744714ED2734A78500FA3052 /* Constants.swift */,
			);
			path = Constants;
			sourceTree = "<group>";
		};
		744714EF2734A7FC00FA3052 /* Network */ = {
			isa = PBXGroup;
			children = (
				744714F02734A80E00FA3052 /* NetworkService.swift */,
			);
			path = Network;
			sourceTree = "<group>";
		};
		74B7C50A273731D600B84626 /* Utils */ = {
			isa = PBXGroup;
			children = (
				744714EA2734A15000FA3052 /* Formatter+Currency.swift */,
				74B7C50B273731F100B84626 /* ViewCodeProtocol.swift */,
				74B7C50D2737321200B84626 /* UIView+Extensions.swift */,
			);
			path = Utils;
			sourceTree = "<group>";
		};
/* End PBXGroup section */

/* Begin PBXNativeTarget section */
		744714A52734928E00FA3052 /* CryptoTracker */ = {
			isa = PBXNativeTarget;
			buildConfigurationList = 744714D02734929000FA3052 /* Build configuration list for PBXNativeTarget "CryptoTracker" */;
			buildPhases = (
				744714A22734928E00FA3052 /* Sources */,
				744714A32734928E00FA3052 /* Frameworks */,
				744714A42734928E00FA3052 /* Resources */,
			);
			buildRules = (
			);
			dependencies = (
			);
			name = CryptoTracker;
			productName = CryptoTracker;
			productReference = 744714A62734928E00FA3052 /* CryptoTracker.app */;
			productType = "com.apple.product-type.application";
		};
		744714BB2734929000FA3052 /* CryptoTrackerTests */ = {
			isa = PBXNativeTarget;
			buildConfigurationList = 744714D32734929000FA3052 /* Build configuration list for PBXNativeTarget "CryptoTrackerTests" */;
			buildPhases = (
				744714B82734929000FA3052 /* Sources */,
				744714B92734929000FA3052 /* Frameworks */,
				744714BA2734929000FA3052 /* Resources */,
			);
			buildRules = (
			);
			dependencies = (
				744714BE2734929000FA3052 /* PBXTargetDependency */,
			);
			name = CryptoTrackerTests;
			productName = CryptoTrackerTests;
			productReference = 744714BC2734929000FA3052 /* CryptoTrackerTests.xctest */;
			productType = "com.apple.product-type.bundle.unit-test";
		};
		744714C52734929000FA3052 /* CryptoTrackerUITests */ = {
			isa = PBXNativeTarget;
			buildConfigurationList = 744714D62734929000FA3052 /* Build configuration list for PBXNativeTarget "CryptoTrackerUITests" */;
			buildPhases = (
				744714C22734929000FA3052 /* Sources */,
				744714C32734929000FA3052 /* Frameworks */,
				744714C42734929000FA3052 /* Resources */,
			);
			buildRules = (
			);
			dependencies = (
				744714C82734929000FA3052 /* PBXTargetDependency */,
			);
			name = CryptoTrackerUITests;
			productName = CryptoTrackerUITests;
			productReference = 744714C62734929000FA3052 /* CryptoTrackerUITests.xctest */;
			productType = "com.apple.product-type.bundle.ui-testing";
		};
/* End PBXNativeTarget section */

/* Begin PBXProject section */
		7447149E2734928E00FA3052 /* Project object */ = {
			isa = PBXProject;
			attributes = {
				BuildIndependentTargetsInParallel = 1;
				LastSwiftUpdateCheck = 1300;
				LastUpgradeCheck = 1300;
				TargetAttributes = {
					744714A52734928E00FA3052 = {
						CreatedOnToolsVersion = 13.0;
					};
					744714BB2734929000FA3052 = {
						CreatedOnToolsVersion = 13.0;
						TestTargetID = 744714A52734928E00FA3052;
					};
					744714C52734929000FA3052 = {
						CreatedOnToolsVersion = 13.0;
						TestTargetID = 744714A52734928E00FA3052;
					};
				};
			};
			buildConfigurationList = 744714A12734928E00FA3052 /* Build configuration list for PBXProject "CryptoTracker" */;
			compatibilityVersion = "Xcode 13.0";
			developmentRegion = en;
			hasScannedForEncodings = 0;
			knownRegions = (
				en,
				Base,
			);
			mainGroup = 7447149D2734928E00FA3052;
			productRefGroup = 744714A72734928E00FA3052 /* Products */;
			projectDirPath = "";
			projectRoot = "";
			targets = (
				744714A52734928E00FA3052 /* CryptoTracker */,
				744714BB2734929000FA3052 /* CryptoTrackerTests */,
				744714C52734929000FA3052 /* CryptoTrackerUITests */,
			);
		};
/* End PBXProject section */

/* Begin PBXResourcesBuildPhase section */
		744714A42734928E00FA3052 /* Resources */ = {
			isa = PBXResourcesBuildPhase;
			buildActionMask = 2147483647;
			files = (
				744714B62734929000FA3052 /* LaunchScreen.storyboard in Resources */,
				744714B32734929000FA3052 /* Assets.xcassets in Resources */,
			);
			runOnlyForDeploymentPostprocessing = 0;
		};
		744714BA2734929000FA3052 /* Resources */ = {
			isa = PBXResourcesBuildPhase;
			buildActionMask = 2147483647;
			files = (
			);
			runOnlyForDeploymentPostprocessing = 0;
		};
		744714C42734929000FA3052 /* Resources */ = {
			isa = PBXResourcesBuildPhase;
			buildActionMask = 2147483647;
			files = (
			);
			runOnlyForDeploymentPostprocessing = 0;
		};
/* End PBXResourcesBuildPhase section */

/* Begin PBXSourcesBuildPhase section */
		744714A22734928E00FA3052 /* Sources */ = {
			isa = PBXSourcesBuildPhase;
			buildActionMask = 2147483647;
			files = (
				744714F32734A93500FA3052 /* Models.swift in Sources */,
				74B7C50927372A2200B84626 /* CryptoListViewModel.swift in Sources */,
				744714F12734A80E00FA3052 /* NetworkService.swift in Sources */,
				744714AE2734928F00FA3052 /* CryptoListTableViewController.swift in Sources */,
				744714AA2734928F00FA3052 /* AppDelegate.swift in Sources */,
				744714E7273497F500FA3052 /* CryptoTableViewCell.swift in Sources */,
				74B7C50E2737321200B84626 /* UIView+Extensions.swift in Sources */,
				74B7C50C273731F100B84626 /* ViewCodeProtocol.swift in Sources */,
				744714AC2734928F00FA3052 /* SceneDelegate.swift in Sources */,
				744714EB2734A15000FA3052 /* Formatter+Currency.swift in Sources */,
				744714E927349F5600FA3052 /* CryptoCellModel.swift in Sources */,
				744714EE2734A78500FA3052 /* Constants.swift in Sources */,
			);
			runOnlyForDeploymentPostprocessing = 0;
		};
		744714B82734929000FA3052 /* Sources */ = {
			isa = PBXSourcesBuildPhase;
			buildActionMask = 2147483647;
			files = (
				744714C12734929000FA3052 /* CryptoTrackerTests.swift in Sources */,
			);
			runOnlyForDeploymentPostprocessing = 0;
		};
		744714C22734929000FA3052 /* Sources */ = {
			isa = PBXSourcesBuildPhase;
			buildActionMask = 2147483647;
			files = (
				744714CD2734929000FA3052 /* CryptoTrackerUITestsLaunchTests.swift in Sources */,
				744714CB2734929000FA3052 /* CryptoTrackerUITests.swift in Sources */,
			);
			runOnlyForDeploymentPostprocessing = 0;
		};
/* End PBXSourcesBuildPhase section */

/* Begin PBXTargetDependency section */
		744714BE2734929000FA3052 /* PBXTargetDependency */ = {
			isa = PBXTargetDependency;
			target = 744714A52734928E00FA3052 /* CryptoTracker */;
			targetProxy = 744714BD2734929000FA3052 /* PBXContainerItemProxy */;
		};
		744714C82734929000FA3052 /* PBXTargetDependency */ = {
			isa = PBXTargetDependency;
			target = 744714A52734928E00FA3052 /* CryptoTracker */;
			targetProxy = 744714C72734929000FA3052 /* PBXContainerItemProxy */;
		};
/* End PBXTargetDependency section */

/* Begin PBXVariantGroup section */
		744714B42734929000FA3052 /* LaunchScreen.storyboard */ = {
			isa = PBXVariantGroup;
			children = (
				744714B52734929000FA3052 /* Base */,
			);
			name = LaunchScreen.storyboard;
			sourceTree = "<group>";
		};
/* End PBXVariantGroup section */

/* Begin XCBuildConfiguration section */
		744714CE2734929000FA3052 /* Debug */ = {
			isa = XCBuildConfiguration;
			buildSettings = {
				ALWAYS_SEARCH_USER_PATHS = NO;
				CLANG_ANALYZER_NONNULL = YES;
				CLANG_ANALYZER_NUMBER_OBJECT_CONVERSION = YES_AGGRESSIVE;
				CLANG_CXX_LANGUAGE_STANDARD = "gnu++17";
				CLANG_CXX_LIBRARY = "libc++";
				CLANG_ENABLE_MODULES = YES;
				CLANG_ENABLE_OBJC_ARC = YES;
				CLANG_ENABLE_OBJC_WEAK = YES;
				CLANG_WARN_BLOCK_CAPTURE_AUTORELEASING = YES;
				CLANG_WARN_BOOL_CONVERSION = YES;
				CLANG_WARN_COMMA = YES;
				CLANG_WARN_CONSTANT_CONVERSION = YES;
				CLANG_WARN_DEPRECATED_OBJC_IMPLEMENTATIONS = YES;
				CLANG_WARN_DIRECT_OBJC_ISA_USAGE = YES_ERROR;
				CLANG_WARN_DOCUMENTATION_COMMENTS = YES;
				CLANG_WARN_EMPTY_BODY = YES;
				CLANG_WARN_ENUM_CONVERSION = YES;
				CLANG_WARN_INFINITE_RECURSION = YES;
				CLANG_WARN_INT_CONVERSION = YES;
				CLANG_WARN_NON_LITERAL_NULL_CONVERSION = YES;
				CLANG_WARN_OBJC_IMPLICIT_RETAIN_SELF = YES;
				CLANG_WARN_OBJC_LITERAL_CONVERSION = YES;
				CLANG_WARN_OBJC_ROOT_CLASS = YES_ERROR;
				CLANG_WARN_QUOTED_INCLUDE_IN_FRAMEWORK_HEADER = YES;
				CLANG_WARN_RANGE_LOOP_ANALYSIS = YES;
				CLANG_WARN_STRICT_PROTOTYPES = YES;
				CLANG_WARN_SUSPICIOUS_MOVE = YES;
				CLANG_WARN_UNGUARDED_AVAILABILITY = YES_AGGRESSIVE;
				CLANG_WARN_UNREACHABLE_CODE = YES;
				CLANG_WARN__DUPLICATE_METHOD_MATCH = YES;
				COPY_PHASE_STRIP = NO;
				DEBUG_INFORMATION_FORMAT = dwarf;
				ENABLE_STRICT_OBJC_MSGSEND = YES;
				ENABLE_TESTABILITY = YES;
				GCC_C_LANGUAGE_STANDARD = gnu11;
				GCC_DYNAMIC_NO_PIC = NO;
				GCC_NO_COMMON_BLOCKS = YES;
				GCC_OPTIMIZATION_LEVEL = 0;
				GCC_PREPROCESSOR_DEFINITIONS = (
					"DEBUG=1",
					"$(inherited)",
				);
				GCC_WARN_64_TO_32_BIT_CONVERSION = YES;
				GCC_WARN_ABOUT_RETURN_TYPE = YES_ERROR;
				GCC_WARN_UNDECLARED_SELECTOR = YES;
				GCC_WARN_UNINITIALIZED_AUTOS = YES_AGGRESSIVE;
				GCC_WARN_UNUSED_FUNCTION = YES;
				GCC_WARN_UNUSED_VARIABLE = YES;
				IPHONEOS_DEPLOYMENT_TARGET = 15.0;
				MTL_ENABLE_DEBUG_INFO = INCLUDE_SOURCE;
				MTL_FAST_MATH = YES;
				ONLY_ACTIVE_ARCH = YES;
				SDKROOT = iphoneos;
				SWIFT_ACTIVE_COMPILATION_CONDITIONS = DEBUG;
				SWIFT_OPTIMIZATION_LEVEL = "-Onone";
			};
			name = Debug;
		};
		744714CF2734929000FA3052 /* Release */ = {
			isa = XCBuildConfiguration;
			buildSettings = {
				ALWAYS_SEARCH_USER_PATHS = NO;
				CLANG_ANALYZER_NONNULL = YES;
				CLANG_ANALYZER_NUMBER_OBJECT_CONVERSION = YES_AGGRESSIVE;
				CLANG_CXX_LANGUAGE_STANDARD = "gnu++17";
				CLANG_CXX_LIBRARY = "libc++";
				CLANG_ENABLE_MODULES = YES;
				CLANG_ENABLE_OBJC_ARC = YES;
				CLANG_ENABLE_OBJC_WEAK = YES;
				CLANG_WARN_BLOCK_CAPTURE_AUTORELEASING = YES;
				CLANG_WARN_BOOL_CONVERSION = YES;
				CLANG_WARN_COMMA = YES;
				CLANG_WARN_CONSTANT_CONVERSION = YES;
				CLANG_WARN_DEPRECATED_OBJC_IMPLEMENTATIONS = YES;
				CLANG_WARN_DIRECT_OBJC_ISA_USAGE = YES_ERROR;
				CLANG_WARN_DOCUMENTATION_COMMENTS = YES;
				CLANG_WARN_EMPTY_BODY = YES;
				CLANG_WARN_ENUM_CONVERSION = YES;
				CLANG_WARN_INFINITE_RECURSION = YES;
				CLANG_WARN_INT_CONVERSION = YES;
				CLANG_WARN_NON_LITERAL_NULL_CONVERSION = YES;
				CLANG_WARN_OBJC_IMPLICIT_RETAIN_SELF = YES;
				CLANG_WARN_OBJC_LITERAL_CONVERSION = YES;
				CLANG_WARN_OBJC_ROOT_CLASS = YES_ERROR;
				CLANG_WARN_QUOTED_INCLUDE_IN_FRAMEWORK_HEADER = YES;
				CLANG_WARN_RANGE_LOOP_ANALYSIS = YES;
				CLANG_WARN_STRICT_PROTOTYPES = YES;
				CLANG_WARN_SUSPICIOUS_MOVE = YES;
				CLANG_WARN_UNGUARDED_AVAILABILITY = YES_AGGRESSIVE;
				CLANG_WARN_UNREACHABLE_CODE = YES;
				CLANG_WARN__DUPLICATE_METHOD_MATCH = YES;
				COPY_PHASE_STRIP = NO;
				DEBUG_INFORMATION_FORMAT = "dwarf-with-dsym";
				ENABLE_NS_ASSERTIONS = NO;
				ENABLE_STRICT_OBJC_MSGSEND = YES;
				GCC_C_LANGUAGE_STANDARD = gnu11;
				GCC_NO_COMMON_BLOCKS = YES;
				GCC_WARN_64_TO_32_BIT_CONVERSION = YES;
				GCC_WARN_ABOUT_RETURN_TYPE = YES_ERROR;
				GCC_WARN_UNDECLARED_SELECTOR = YES;
				GCC_WARN_UNINITIALIZED_AUTOS = YES_AGGRESSIVE;
				GCC_WARN_UNUSED_FUNCTION = YES;
				GCC_WARN_UNUSED_VARIABLE = YES;
				IPHONEOS_DEPLOYMENT_TARGET = 15.0;
				MTL_ENABLE_DEBUG_INFO = NO;
				MTL_FAST_MATH = YES;
				SDKROOT = iphoneos;
				SWIFT_COMPILATION_MODE = wholemodule;
				SWIFT_OPTIMIZATION_LEVEL = "-O";
				VALIDATE_PRODUCT = YES;
			};
			name = Release;
		};
		744714D12734929000FA3052 /* Debug */ = {
			isa = XCBuildConfiguration;
			buildSettings = {
				ASSETCATALOG_COMPILER_APPICON_NAME = AppIcon;
				ASSETCATALOG_COMPILER_GLOBAL_ACCENT_COLOR_NAME = AccentColor;
				CODE_SIGN_STYLE = Automatic;
				CURRENT_PROJECT_VERSION = 1;
				DEVELOPMENT_TEAM = LFXQ68BB6T;
				GENERATE_INFOPLIST_FILE = YES;
				INFOPLIST_FILE = CryptoTracker/Info.plist;
				INFOPLIST_KEY_UIApplicationSupportsIndirectInputEvents = YES;
				INFOPLIST_KEY_UILaunchStoryboardName = LaunchScreen;
				INFOPLIST_KEY_UISupportedInterfaceOrientations_iPad = "UIInterfaceOrientationPortrait UIInterfaceOrientationPortraitUpsideDown UIInterfaceOrientationLandscapeLeft UIInterfaceOrientationLandscapeRight";
				INFOPLIST_KEY_UISupportedInterfaceOrientations_iPhone = "UIInterfaceOrientationPortrait UIInterfaceOrientationLandscapeLeft UIInterfaceOrientationLandscapeRight";
				LD_RUNPATH_SEARCH_PATHS = (
					"$(inherited)",
					"@executable_path/Frameworks",
				);
				MARKETING_VERSION = 1.0;
				PRODUCT_BUNDLE_IDENTIFIER = hellencaroline.CryptoTracker;
				PRODUCT_NAME = "$(TARGET_NAME)";
				SWIFT_EMIT_LOC_STRINGS = YES;
				SWIFT_VERSION = 5.0;
				TARGETED_DEVICE_FAMILY = "1,2";
			};
			name = Debug;
		};
		744714D22734929000FA3052 /* Release */ = {
			isa = XCBuildConfiguration;
			buildSettings = {
				ASSETCATALOG_COMPILER_APPICON_NAME = AppIcon;
				ASSETCATALOG_COMPILER_GLOBAL_ACCENT_COLOR_NAME = AccentColor;
				CODE_SIGN_STYLE = Automatic;
				CURRENT_PROJECT_VERSION = 1;
				DEVELOPMENT_TEAM = LFXQ68BB6T;
				GENERATE_INFOPLIST_FILE = YES;
				INFOPLIST_FILE = CryptoTracker/Info.plist;
				INFOPLIST_KEY_UIApplicationSupportsIndirectInputEvents = YES;
				INFOPLIST_KEY_UILaunchStoryboardName = LaunchScreen;
				INFOPLIST_KEY_UISupportedInterfaceOrientations_iPad = "UIInterfaceOrientationPortrait UIInterfaceOrientationPortraitUpsideDown UIInterfaceOrientationLandscapeLeft UIInterfaceOrientationLandscapeRight";
				INFOPLIST_KEY_UISupportedInterfaceOrientations_iPhone = "UIInterfaceOrientationPortrait UIInterfaceOrientationLandscapeLeft UIInterfaceOrientationLandscapeRight";
				LD_RUNPATH_SEARCH_PATHS = (
					"$(inherited)",
					"@executable_path/Frameworks",
				);
				MARKETING_VERSION = 1.0;
				PRODUCT_BUNDLE_IDENTIFIER = hellencaroline.CryptoTracker;
				PRODUCT_NAME = "$(TARGET_NAME)";
				SWIFT_EMIT_LOC_STRINGS = YES;
				SWIFT_VERSION = 5.0;
				TARGETED_DEVICE_FAMILY = "1,2";
			};
			name = Release;
		};
		744714D42734929000FA3052 /* Debug */ = {
			isa = XCBuildConfiguration;
			buildSettings = {
				ALWAYS_EMBED_SWIFT_STANDARD_LIBRARIES = YES;
				BUNDLE_LOADER = "$(TEST_HOST)";
				CODE_SIGN_STYLE = Automatic;
				CURRENT_PROJECT_VERSION = 1;
				DEVELOPMENT_TEAM = LFXQ68BB6T;
				GENERATE_INFOPLIST_FILE = YES;
				IPHONEOS_DEPLOYMENT_TARGET = 15.0;
				LD_RUNPATH_SEARCH_PATHS = (
					"$(inherited)",
					"@executable_path/Frameworks",
					"@loader_path/Frameworks",
				);
				MARKETING_VERSION = 1.0;
				PRODUCT_BUNDLE_IDENTIFIER = hellencaroline.CryptoTrackerTests;
				PRODUCT_NAME = "$(TARGET_NAME)";
				SWIFT_EMIT_LOC_STRINGS = NO;
				SWIFT_VERSION = 5.0;
				TARGETED_DEVICE_FAMILY = "1,2";
				TEST_HOST = "$(BUILT_PRODUCTS_DIR)/CryptoTracker.app/CryptoTracker";
			};
			name = Debug;
		};
		744714D52734929000FA3052 /* Release */ = {
			isa = XCBuildConfiguration;
			buildSettings = {
				ALWAYS_EMBED_SWIFT_STANDARD_LIBRARIES = YES;
				BUNDLE_LOADER = "$(TEST_HOST)";
				CODE_SIGN_STYLE = Automatic;
				CURRENT_PROJECT_VERSION = 1;
				DEVELOPMENT_TEAM = LFXQ68BB6T;
				GENERATE_INFOPLIST_FILE = YES;
				IPHONEOS_DEPLOYMENT_TARGET = 15.0;
				LD_RUNPATH_SEARCH_PATHS = (
					"$(inherited)",
					"@executable_path/Frameworks",
					"@loader_path/Frameworks",
				);
				MARKETING_VERSION = 1.0;
				PRODUCT_BUNDLE_IDENTIFIER = hellencaroline.CryptoTrackerTests;
				PRODUCT_NAME = "$(TARGET_NAME)";
				SWIFT_EMIT_LOC_STRINGS = NO;
				SWIFT_VERSION = 5.0;
				TARGETED_DEVICE_FAMILY = "1,2";
				TEST_HOST = "$(BUILT_PRODUCTS_DIR)/CryptoTracker.app/CryptoTracker";
			};
			name = Release;
		};
		744714D72734929000FA3052 /* Debug */ = {
			isa = XCBuildConfiguration;
			buildSettings = {
				ALWAYS_EMBED_SWIFT_STANDARD_LIBRARIES = YES;
				CODE_SIGN_STYLE = Automatic;
				CURRENT_PROJECT_VERSION = 1;
				DEVELOPMENT_TEAM = LFXQ68BB6T;
				GENERATE_INFOPLIST_FILE = YES;
				LD_RUNPATH_SEARCH_PATHS = (
					"$(inherited)",
					"@executable_path/Frameworks",
					"@loader_path/Frameworks",
				);
				MARKETING_VERSION = 1.0;
				PRODUCT_BUNDLE_IDENTIFIER = hellencaroline.CryptoTrackerUITests;
				PRODUCT_NAME = "$(TARGET_NAME)";
				SWIFT_EMIT_LOC_STRINGS = NO;
				SWIFT_VERSION = 5.0;
				TARGETED_DEVICE_FAMILY = "1,2";
				TEST_TARGET_NAME = CryptoTracker;
			};
			name = Debug;
		};
		744714D82734929000FA3052 /* Release */ = {
			isa = XCBuildConfiguration;
			buildSettings = {
				ALWAYS_EMBED_SWIFT_STANDARD_LIBRARIES = YES;
				CODE_SIGN_STYLE = Automatic;
				CURRENT_PROJECT_VERSION = 1;
				DEVELOPMENT_TEAM = LFXQ68BB6T;
				GENERATE_INFOPLIST_FILE = YES;
				LD_RUNPATH_SEARCH_PATHS = (
					"$(inherited)",
					"@executable_path/Frameworks",
					"@loader_path/Frameworks",
				);
				MARKETING_VERSION = 1.0;
				PRODUCT_BUNDLE_IDENTIFIER = hellencaroline.CryptoTrackerUITests;
				PRODUCT_NAME = "$(TARGET_NAME)";
				SWIFT_EMIT_LOC_STRINGS = NO;
				SWIFT_VERSION = 5.0;
				TARGETED_DEVICE_FAMILY = "1,2";
				TEST_TARGET_NAME = CryptoTracker;
			};
			name = Release;
		};
/* End XCBuildConfiguration section */

/* Begin XCConfigurationList section */
		744714A12734928E00FA3052 /* Build configuration list for PBXProject "CryptoTracker" */ = {
			isa = XCConfigurationList;
			buildConfigurations = (
				744714CE2734929000FA3052 /* Debug */,
				744714CF2734929000FA3052 /* Release */,
			);
			defaultConfigurationIsVisible = 0;
			defaultConfigurationName = Release;
		};
		744714D02734929000FA3052 /* Build configuration list for PBXNativeTarget "CryptoTracker" */ = {
			isa = XCConfigurationList;
			buildConfigurations = (
				744714D12734929000FA3052 /* Debug */,
				744714D22734929000FA3052 /* Release */,
			);
			defaultConfigurationIsVisible = 0;
			defaultConfigurationName = Release;
		};
		744714D32734929000FA3052 /* Build configuration list for PBXNativeTarget "CryptoTrackerTests" */ = {
			isa = XCConfigurationList;
			buildConfigurations = (
				744714D42734929000FA3052 /* Debug */,
				744714D52734929000FA3052 /* Release */,
			);
			defaultConfigurationIsVisible = 0;
			defaultConfigurationName = Release;
		};
		744714D62734929000FA3052 /* Build configuration list for PBXNativeTarget "CryptoTrackerUITests" */ = {
			isa = XCConfigurationList;
			buildConfigurations = (
				744714D72734929000FA3052 /* Debug */,
				744714D82734929000FA3052 /* Release */,
			);
			defaultConfigurationIsVisible = 0;
			defaultConfigurationName = Release;
		};
/* End XCConfigurationList section */
	};
	rootObject = 7447149E2734928E00FA3052 /* Project object */;
}
